Microsoft Visual Studio Solution File, Format Version 12.00
# Visual Studio Version 17
VisualStudioVersion = 17.5.2.0
MinimumVisualStudioVersion = 10.0.40219.1
Project("{FAE04EC0-301F-11D3-BF4B-00C04F79EFBC}") = "dotnet-pdv", "dotnet-pdv.csproj", "{C907EFED-ED17-0A82-928A-E578A68CE58A}"
EndProject
Global
	GlobalSection(SolutionConfigurationPlatforms) = preSolution
		Debug|Any CPU = Debug|Any CPU
		Release|Any CPU = Release|Any CPU
	EndGlobalSection
	GlobalSection(ProjectConfigurationPlatforms) = postSolution
		{C907EFED-ED17-0A82-928A-E578A68CE58A}.Debug|Any CPU.ActiveCfg = Debug|Any CPU
		{C907EFED-ED17-0A82-928A-E578A68CE58A}.Debug|Any CPU.Build.0 = Debug|Any CPU
		{C907EFED-ED17-0A82-928A-E578A68CE58A}.Release|Any CPU.ActiveCfg = Release|Any CPU
		{C907EFED-ED17-0A82-928A-E578A68CE58A}.Release|Any CPU.Build.0 = Release|Any CPU
	EndGlobalSection
	GlobalSection(SolutionProperties) = preSolution
		HideSolutionNode = FALSE
	EndGlobalSection
	GlobalSection(ExtensibilityGlobals) = postSolution
		SolutionGuid = {75E6FDBF-571B-41F0-84B2-EBFAFA8BDA2A}
	EndGlobalSection
EndGlobal
